
Microsoft Visual Studio Solution File, Format Version 12.00
# Visual Studio Version 17
VisualStudioVersion = 17.5.33627.172
MinimumVisualStudioVersion = 10.0.40219.1
Project("{9A19103F-16F7-4668-BE54-9A1E7A4F7556}") = "API", "API\API.csproj", "{7826B026-9421-4911-BE82-4F032F0D520C}"
EndProject
Project("{9A19103F-16F7-4668-BE54-9A1E7A4F7556}") = "Client", "Client\Client.csproj", "{5D3B5773-851E-442E-8553-8662E05872BC}"
EndProject
Project("{9A19103F-16F7-4668-BE54-9A1E7A4F7556}") = "Starwar", "Starwar\Starwar.csproj", "{0F5DC0C9-DCAD-4A9F-BD07-9B491F9EDF60}"
EndProject
Project("{9A19103F-16F7-4668-BE54-9A1E7A4F7556}") = "Pokemon", "Pokemon\Pokemon.csproj", "{75C18ED8-75EB-4AF4-A446-3D9C07DB4268}"
EndProject
Project("{FAE04EC0-301F-11D3-BF4B-00C04F79EFBC}") = "react", "react\react.csproj", "{AE7F00F0-2676-42D9-864B-1E4F297F29E9}"
EndProject
Global
	GlobalSection(SolutionConfigurationPlatforms) = preSolution
		Debug|Any CPU = Debug|Any CPU
		Release|Any CPU = Release|Any CPU
	EndGlobalSection
	GlobalSection(ProjectConfigurationPlatforms) = postSolution
		{7826B026-9421-4911-BE82-4F032F0D520C}.Debug|Any CPU.ActiveCfg = Debug|Any CPU
		{7826B026-9421-4911-BE82-4F032F0D520C}.Debug|Any CPU.Build.0 = Debug|Any CPU
		{7826B026-9421-4911-BE82-4F032F0D520C}.Release|Any CPU.ActiveCfg = Release|Any CPU
		{7826B026-9421-4911-BE82-4F032F0D520C}.Release|Any CPU.Build.0 = Release|Any CPU
		{5D3B5773-851E-442E-8553-8662E05872BC}.Debug|Any CPU.ActiveCfg = Debug|Any CPU
		{5D3B5773-851E-442E-8553-8662E05872BC}.Debug|Any CPU.Build.0 = Debug|Any CPU
		{5D3B5773-851E-442E-8553-8662E05872BC}.Release|Any CPU.ActiveCfg = Release|Any CPU
		{5D3B5773-851E-442E-8553-8662E05872BC}.Release|Any CPU.Build.0 = Release|Any CPU
		{0F5DC0C9-DCAD-4A9F-BD07-9B491F9EDF60}.Debug|Any CPU.ActiveCfg = Debug|Any CPU
		{0F5DC0C9-DCAD-4A9F-BD07-9B491F9EDF60}.Debug|Any CPU.Build.0 = Debug|Any CPU
		{0F5DC0C9-DCAD-4A9F-BD07-9B491F9EDF60}.Release|Any CPU.ActiveCfg = Release|Any CPU
		{0F5DC0C9-DCAD-4A9F-BD07-9B491F9EDF60}.Release|Any CPU.Build.0 = Release|Any CPU
		{75C18ED8-75EB-4AF4-A446-3D9C07DB4268}.Debug|Any CPU.ActiveCfg = Debug|Any CPU
		{75C18ED8-75EB-4AF4-A446-3D9C07DB4268}.Debug|Any CPU.Build.0 = Debug|Any CPU
		{75C18ED8-75EB-4AF4-A446-3D9C07DB4268}.Release|Any CPU.ActiveCfg = Release|Any CPU
		{75C18ED8-75EB-4AF4-A446-3D9C07DB4268}.Release|Any CPU.Build.0 = Release|Any CPU
		{AE7F00F0-2676-42D9-864B-1E4F297F29E9}.Debug|Any CPU.ActiveCfg = Debug|Any CPU
		{AE7F00F0-2676-42D9-864B-1E4F297F29E9}.Debug|Any CPU.Build.0 = Debug|Any CPU
		{AE7F00F0-2676-42D9-864B-1E4F297F29E9}.Release|Any CPU.ActiveCfg = Release|Any CPU
		{AE7F00F0-2676-42D9-864B-1E4F297F29E9}.Release|Any CPU.Build.0 = Release|Any CPU
	EndGlobalSection
	GlobalSection(SolutionProperties) = preSolution
		HideSolutionNode = FALSE
	EndGlobalSection
	GlobalSection(ExtensibilityGlobals) = postSolution
		SolutionGuid = {AF7720E4-86AB-482F-AA75-1FFC1D76C654}
	EndGlobalSection
EndGlobal
